<?xml version="1.0" encoding="UTF-8"?>
<!DOCTYPE plist PUBLIC "-//Apple//DTD PLIST 1.0//EN" "http://www.apple.com/DTDs/PropertyList-1.0.dtd">
<plist version="1.0">
<dict>
	<key>archiveVersion</key>
	<string>1</string>
	<key>classes</key>
	<dict/>
	<key>objectVersion</key>
	<string>46</string>
	<key>objects</key>
	<dict>
		<key>119556FCFE7548DB9F940DE6</key>
		<dict>
			<key>buildActionMask</key>
			<string>2147483647</string>
			<key>files</key>
			<array/>
			<key>inputPaths</key>
			<array/>
			<key>isa</key>
			<string>PBXShellScriptBuildPhase</string>
			<key>name</key>
			<string>Check Pods Manifest.lock</string>
			<key>outputPaths</key>
			<array/>
			<key>runOnlyForDeploymentPostprocessing</key>
			<string>0</string>
			<key>shellPath</key>
			<string>/bin/sh</string>
			<key>shellScript</key>
			<string>diff "${PODS_ROOT}/../Podfile.lock" "${PODS_ROOT}/Manifest.lock" &gt; /dev/null
if [[ $? != 0 ]] ; then
    cat &lt;&lt; EOM
error: The sandbox is not in sync with the Podfile.lock. Run 'pod install' or update your CocoaPods installation.
EOM
    exit 1
fi
</string>
			<key>showEnvVarsInLog</key>
			<string>0</string>
		</dict>
		<key>1F842661257B4ADE9F75BB0E</key>
		<dict>
			<key>includeInIndex</key>
			<string>1</string>
			<key>isa</key>
			<string>PBXFileReference</string>
			<key>lastKnownFileType</key>
			<string>text.xcconfig</string>
			<key>name</key>
			<string>Pods.xcconfig</string>
			<key>path</key>
			<string>Pods/Pods.xcconfig</string>
			<key>sourceTree</key>
			<string>&lt;group&gt;</string>
		</dict>
		<key>1F84EE1C9FEA4127BA320B28</key>
		<dict>
			<key>buildActionMask</key>
			<string>2147483647</string>
			<key>files</key>
			<array/>
			<key>inputPaths</key>
			<array/>
			<key>isa</key>
			<string>PBXShellScriptBuildPhase</string>
			<key>name</key>
			<string>Copy Pods Resources</string>
			<key>outputPaths</key>
			<array/>
			<key>runOnlyForDeploymentPostprocessing</key>
			<string>0</string>
			<key>shellPath</key>
			<string>/bin/sh</string>
			<key>shellScript</key>
			<string>"${SRCROOT}/Pods/Pods-resources.sh"
</string>
			<key>showEnvVarsInLog</key>
			<string>0</string>
		</dict>
		<key>3E2A96E44B424C62BB1BB3B6</key>
		<dict>
			<key>includeInIndex</key>
			<string>1</string>
			<key>isa</key>
			<string>PBXFileReference</string>
			<key>lastKnownFileType</key>
			<string>text.xcconfig</string>
			<key>name</key>
			<string>Pods-CatsPassionTests.xcconfig</string>
			<key>path</key>
			<string>Pods/Pods-CatsPassionTests.xcconfig</string>
			<key>sourceTree</key>
			<string>&lt;group&gt;</string>
		</dict>
		<key>695B29CA2D814AB4A34FBE4A</key>
		<dict>
			<key>fileRef</key>
			<string>D255ABEDC4B04B98AF4C1086</string>
			<key>isa</key>
			<string>PBXBuildFile</string>
		</dict>
		<key>6A43975264124C21B01DEE50</key>
		<dict>
			<key>buildActionMask</key>
			<string>2147483647</string>
			<key>files</key>
			<array/>
			<key>inputPaths</key>
			<array/>
			<key>isa</key>
			<string>PBXShellScriptBuildPhase</string>
			<key>name</key>
			<string>Check Pods Manifest.lock</string>
			<key>outputPaths</key>
			<array/>
			<key>runOnlyForDeploymentPostprocessing</key>
			<string>0</string>
			<key>shellPath</key>
			<string>/bin/sh</string>
			<key>shellScript</key>
			<string>diff "${PODS_ROOT}/../Podfile.lock" "${PODS_ROOT}/Manifest.lock" &gt; /dev/null
if [[ $? != 0 ]] ; then
    cat &lt;&lt; EOM
error: The sandbox is not in sync with the Podfile.lock. Run 'pod install' or update your CocoaPods installation.
EOM
    exit 1
fi
</string>
			<key>showEnvVarsInLog</key>
			<string>0</string>
		</dict>
		<key>7ECF00C11940ED6300EA9B7D</key>
		<dict>
			<key>children</key>
			<array>
				<string>7ECF00D31940ED6300EA9B7D</string>
				<string>7ECF00EC1940ED6300EA9B7D</string>
				<string>7ECF00CC1940ED6300EA9B7D</string>
				<string>7ECF00CB1940ED6300EA9B7D</string>
				<string>1F842661257B4ADE9F75BB0E</string>
				<string>3E2A96E44B424C62BB1BB3B6</string>
			</array>
			<key>isa</key>
			<string>PBXGroup</string>
			<key>sourceTree</key>
			<string>&lt;group&gt;</string>
		</dict>
		<key>7ECF00C21940ED6300EA9B7D</key>
		<dict>
			<key>attributes</key>
			<dict>
				<key>CLASSPREFIX</key>
				<string>GG</string>
				<key>LastUpgradeCheck</key>
				<string>0510</string>
				<key>ORGANIZATIONNAME</key>
				<string>Giuliano Galea</string>
				<key>TargetAttributes</key>
				<dict>
					<key>7ECF00E41940ED6300EA9B7D</key>
					<dict>
						<key>TestTargetID</key>
						<string>7ECF00C91940ED6300EA9B7D</string>
					</dict>
				</dict>
			</dict>
			<key>buildConfigurationList</key>
			<string>7ECF00C51940ED6300EA9B7D</string>
			<key>compatibilityVersion</key>
			<string>Xcode 3.2</string>
			<key>developmentRegion</key>
			<string>English</string>
			<key>hasScannedForEncodings</key>
			<string>0</string>
			<key>isa</key>
			<string>PBXProject</string>
			<key>knownRegions</key>
			<array>
				<string>en</string>
			</array>
			<key>mainGroup</key>
			<string>7ECF00C11940ED6300EA9B7D</string>
			<key>productRefGroup</key>
			<string>7ECF00CB1940ED6300EA9B7D</string>
			<key>projectDirPath</key>
			<string></string>
			<key>projectReferences</key>
			<array/>
			<key>projectRoot</key>
			<string></string>
			<key>targets</key>
			<array>
				<string>7ECF00C91940ED6300EA9B7D</string>
				<string>7ECF00E41940ED6300EA9B7D</string>
			</array>
		</dict>
		<key>7ECF00C51940ED6300EA9B7D</key>
		<dict>
			<key>buildConfigurations</key>
			<array>
				<string>7ECF00F41940ED6300EA9B7D</string>
				<string>7ECF00F51940ED6300EA9B7D</string>
			</array>
			<key>defaultConfigurationIsVisible</key>
			<string>0</string>
			<key>defaultConfigurationName</key>
			<string>Release</string>
			<key>isa</key>
			<string>XCConfigurationList</string>
		</dict>
		<key>7ECF00C61940ED6300EA9B7D</key>
		<dict>
			<key>buildActionMask</key>
			<string>2147483647</string>
			<key>files</key>
			<array>
				<string>7ECF01051940FD9600EA9B7D</string>
				<string>7EFD787819463E27008EE12D</string>
				<string>7EFD78861946630B008EE12D</string>
				<string>7ECF00DE1940ED6300EA9B7D</string>
				<string>7EFD788019465FDF008EE12D</string>
				<string>7ECF01191941235400EA9B7D</string>
				<string>7ECF0116194120FE00EA9B7D</string>
				<string>7ECF011D194133A300EA9B7D</string>
				<string>7ECF011119410F7100EA9B7D</string>
				<string>7EFD787219463427008EE12D</string>
				<string>7ECF01211941370900EA9B7D</string>
				<string>7ECF00DA1940ED6300EA9B7D</string>
				<string>7ECF010E1941063600EA9B7D</string>
				<string>7EFD787D19465617008EE12D</string>
			</array>
			<key>isa</key>
			<string>PBXSourcesBuildPhase</string>
			<key>runOnlyForDeploymentPostprocessing</key>
			<string>0</string>
		</dict>
		<key>7ECF00C71940ED6300EA9B7D</key>
		<dict>
			<key>buildActionMask</key>
			<string>2147483647</string>
			<key>files</key>
			<array>
				<string>7ECF00D01940ED6300EA9B7D</string>
				<string>7ECF00D21940ED6300EA9B7D</string>
				<string>7ECF00CE1940ED6300EA9B7D</string>
				<string>695B29CA2D814AB4A34FBE4A</string>
			</array>
			<key>isa</key>
			<string>PBXFrameworksBuildPhase</string>
			<key>runOnlyForDeploymentPostprocessing</key>
			<string>0</string>
		</dict>
		<key>7ECF00C81940ED6300EA9B7D</key>
		<dict>
			<key>buildActionMask</key>
			<string>2147483647</string>
			<key>files</key>
			<array>
				<string>7ECF00D81940ED6300EA9B7D</string>
				<string>7ECF00E01940ED6300EA9B7D</string>
			</array>
			<key>isa</key>
			<string>PBXResourcesBuildPhase</string>
			<key>runOnlyForDeploymentPostprocessing</key>
			<string>0</string>
		</dict>
		<key>7ECF00C91940ED6300EA9B7D</key>
		<dict>
			<key>buildConfigurationList</key>
			<string>7ECF00F61940ED6300EA9B7D</string>
			<key>buildPhases</key>
			<array>
				<string>6A43975264124C21B01DEE50</string>
				<string>7ECF00C61940ED6300EA9B7D</string>
				<string>7ECF00C71940ED6300EA9B7D</string>
				<string>7ECF00C81940ED6300EA9B7D</string>
				<string>1F84EE1C9FEA4127BA320B28</string>
			</array>
			<key>buildRules</key>
			<array/>
			<key>dependencies</key>
			<array/>
			<key>isa</key>
			<string>PBXNativeTarget</string>
			<key>name</key>
			<string>CatsPassion</string>
			<key>productName</key>
			<string>CatsPassion</string>
			<key>productReference</key>
			<string>7ECF00CA1940ED6300EA9B7D</string>
			<key>productType</key>
			<string>com.apple.product-type.application</string>
		</dict>
		<key>7ECF00CA1940ED6300EA9B7D</key>
		<dict>
			<key>explicitFileType</key>
			<string>wrapper.application</string>
			<key>includeInIndex</key>
			<string>0</string>
			<key>isa</key>
			<string>PBXFileReference</string>
			<key>path</key>
			<string>CatsPassion.app</string>
			<key>sourceTree</key>
			<string>BUILT_PRODUCTS_DIR</string>
		</dict>
		<key>7ECF00CB1940ED6300EA9B7D</key>
		<dict>
			<key>children</key>
			<array>
				<string>7ECF00CA1940ED6300EA9B7D</string>
				<string>7ECF00E51940ED6300EA9B7D</string>
			</array>
			<key>isa</key>
			<string>PBXGroup</string>
			<key>name</key>
			<string>Products</string>
			<key>sourceTree</key>
			<string>&lt;group&gt;</string>
		</dict>
		<key>7ECF00CC1940ED6300EA9B7D</key>
		<dict>
			<key>children</key>
			<array>
				<string>7ECF00CD1940ED6300EA9B7D</string>
				<string>7ECF00CF1940ED6300EA9B7D</string>
				<string>7ECF00D11940ED6300EA9B7D</string>
				<string>7ECF00E61940ED6300EA9B7D</string>
				<string>D255ABEDC4B04B98AF4C1086</string>
				<string>E8B035BE8D844BDC9A7535D5</string>
			</array>
			<key>isa</key>
			<string>PBXGroup</string>
			<key>name</key>
			<string>Frameworks</string>
			<key>sourceTree</key>
			<string>&lt;group&gt;</string>
		</dict>
		<key>7ECF00CD1940ED6300EA9B7D</key>
		<dict>
			<key>isa</key>
			<string>PBXFileReference</string>
			<key>lastKnownFileType</key>
			<string>wrapper.framework</string>
			<key>name</key>
			<string>Foundation.framework</string>
			<key>path</key>
			<string>System/Library/Frameworks/Foundation.framework</string>
			<key>sourceTree</key>
			<string>SDKROOT</string>
		</dict>
		<key>7ECF00CE1940ED6300EA9B7D</key>
		<dict>
			<key>fileRef</key>
			<string>7ECF00CD1940ED6300EA9B7D</string>
			<key>isa</key>
			<string>PBXBuildFile</string>
		</dict>
		<key>7ECF00CF1940ED6300EA9B7D</key>
		<dict>
			<key>isa</key>
			<string>PBXFileReference</string>
			<key>lastKnownFileType</key>
			<string>wrapper.framework</string>
			<key>name</key>
			<string>CoreGraphics.framework</string>
			<key>path</key>
			<string>System/Library/Frameworks/CoreGraphics.framework</string>
			<key>sourceTree</key>
			<string>SDKROOT</string>
		</dict>
		<key>7ECF00D01940ED6300EA9B7D</key>
		<dict>
			<key>fileRef</key>
			<string>7ECF00CF1940ED6300EA9B7D</string>
			<key>isa</key>
			<string>PBXBuildFile</string>
		</dict>
		<key>7ECF00D11940ED6300EA9B7D</key>
		<dict>
			<key>isa</key>
			<string>PBXFileReference</string>
			<key>lastKnownFileType</key>
			<string>wrapper.framework</string>
			<key>name</key>
			<string>UIKit.framework</string>
			<key>path</key>
			<string>System/Library/Frameworks/UIKit.framework</string>
			<key>sourceTree</key>
			<string>SDKROOT</string>
		</dict>
		<key>7ECF00D21940ED6300EA9B7D</key>
		<dict>
			<key>fileRef</key>
			<string>7ECF00D11940ED6300EA9B7D</string>
			<key>isa</key>
			<string>PBXBuildFile</string>
		</dict>
		<key>7ECF00D31940ED6300EA9B7D</key>
		<dict>
			<key>children</key>
			<array>
				<string>7EFD78821946622E008EE12D</string>
				<string>7EFD788119466224008EE12D</string>
				<string>7EFD787A194655CF008EE12D</string>
				<string>7ECF0113194120DB00EA9B7D</string>
				<string>7ECF00DC1940ED6300EA9B7D</string>
				<string>7ECF00DD1940ED6300EA9B7D</string>
				<string>7ECF00DF1940ED6300EA9B7D</string>
				<string>7ECF00D41940ED6300EA9B7D</string>
			</array>
			<key>isa</key>
			<string>PBXGroup</string>
			<key>path</key>
			<string>CatsPassion</string>
			<key>sourceTree</key>
			<string>&lt;group&gt;</string>
		</dict>
		<key>7ECF00D41940ED6300EA9B7D</key>
		<dict>
			<key>children</key>
			<array>
				<string>7ECF00D51940ED6300EA9B7D</string>
				<string>7ECF00D61940ED6300EA9B7D</string>
				<string>7ECF00D91940ED6300EA9B7D</string>
				<string>7ECF00DB1940ED6300EA9B7D</string>
			</array>
			<key>isa</key>
			<string>PBXGroup</string>
			<key>name</key>
			<string>Supporting Files</string>
			<key>sourceTree</key>
			<string>&lt;group&gt;</string>
		</dict>
		<key>7ECF00D51940ED6300EA9B7D</key>
		<dict>
			<key>isa</key>
			<string>PBXFileReference</string>
			<key>lastKnownFileType</key>
			<string>text.plist.xml</string>
			<key>path</key>
			<string>CatsPassion-Info.plist</string>
			<key>sourceTree</key>
			<string>&lt;group&gt;</string>
		</dict>
		<key>7ECF00D61940ED6300EA9B7D</key>
		<dict>
			<key>children</key>
			<array>
				<string>7ECF00D71940ED6300EA9B7D</string>
			</array>
			<key>isa</key>
			<string>PBXVariantGroup</string>
			<key>name</key>
			<string>InfoPlist.strings</string>
			<key>sourceTree</key>
			<string>&lt;group&gt;</string>
		</dict>
		<key>7ECF00D71940ED6300EA9B7D</key>
		<dict>
			<key>isa</key>
			<string>PBXFileReference</string>
			<key>lastKnownFileType</key>
			<string>text.plist.strings</string>
			<key>name</key>
			<string>en</string>
			<key>path</key>
			<string>en.lproj/InfoPlist.strings</string>
			<key>sourceTree</key>
			<string>&lt;group&gt;</string>
		</dict>
		<key>7ECF00D81940ED6300EA9B7D</key>
		<dict>
			<key>fileRef</key>
			<string>7ECF00D61940ED6300EA9B7D</string>
			<key>isa</key>
			<string>PBXBuildFile</string>
		</dict>
		<key>7ECF00D91940ED6300EA9B7D</key>
		<dict>
			<key>isa</key>
			<string>PBXFileReference</string>
			<key>lastKnownFileType</key>
			<string>sourcecode.c.objc</string>
			<key>path</key>
			<string>main.m</string>
			<key>sourceTree</key>
			<string>&lt;group&gt;</string>
		</dict>
		<key>7ECF00DA1940ED6300EA9B7D</key>
		<dict>
			<key>fileRef</key>
			<string>7ECF00D91940ED6300EA9B7D</string>
			<key>isa</key>
			<string>PBXBuildFile</string>
		</dict>
		<key>7ECF00DB1940ED6300EA9B7D</key>
		<dict>
			<key>isa</key>
			<string>PBXFileReference</string>
			<key>lastKnownFileType</key>
			<string>sourcecode.c.h</string>
			<key>path</key>
			<string>CatsPassion-Prefix.pch</string>
			<key>sourceTree</key>
			<string>&lt;group&gt;</string>
		</dict>
		<key>7ECF00DC1940ED6300EA9B7D</key>
		<dict>
			<key>isa</key>
			<string>PBXFileReference</string>
			<key>lastKnownFileType</key>
			<string>sourcecode.c.h</string>
			<key>path</key>
			<string>GGAppDelegate.h</string>
			<key>sourceTree</key>
			<string>&lt;group&gt;</string>
		</dict>
		<key>7ECF00DD1940ED6300EA9B7D</key>
		<dict>
			<key>isa</key>
			<string>PBXFileReference</string>
			<key>lastKnownFileType</key>
			<string>sourcecode.c.objc</string>
			<key>path</key>
			<string>GGAppDelegate.m</string>
			<key>sourceTree</key>
			<string>&lt;group&gt;</string>
		</dict>
		<key>7ECF00DE1940ED6300EA9B7D</key>
		<dict>
			<key>fileRef</key>
			<string>7ECF00DD1940ED6300EA9B7D</string>
			<key>isa</key>
			<string>PBXBuildFile</string>
		</dict>
		<key>7ECF00DF1940ED6300EA9B7D</key>
		<dict>
			<key>isa</key>
			<string>PBXFileReference</string>
			<key>lastKnownFileType</key>
			<string>folder.assetcatalog</string>
			<key>path</key>
			<string>Images.xcassets</string>
			<key>sourceTree</key>
			<string>&lt;group&gt;</string>
		</dict>
		<key>7ECF00E01940ED6300EA9B7D</key>
		<dict>
			<key>fileRef</key>
			<string>7ECF00DF1940ED6300EA9B7D</string>
			<key>isa</key>
			<string>PBXBuildFile</string>
		</dict>
		<key>7ECF00E11940ED6300EA9B7D</key>
		<dict>
			<key>buildActionMask</key>
			<string>2147483647</string>
			<key>files</key>
			<array>
				<string>7ECF00F31940ED6300EA9B7D</string>
			</array>
			<key>isa</key>
			<string>PBXSourcesBuildPhase</string>
			<key>runOnlyForDeploymentPostprocessing</key>
			<string>0</string>
		</dict>
		<key>7ECF00E21940ED6300EA9B7D</key>
		<dict>
			<key>buildActionMask</key>
			<string>2147483647</string>
			<key>files</key>
			<array>
				<string>7ECF00E71940ED6300EA9B7D</string>
				<string>7ECF00E91940ED6300EA9B7D</string>
				<string>7ECF00E81940ED6300EA9B7D</string>
				<string>CAA41D48969041EAA36CAEA3</string>
			</array>
			<key>isa</key>
			<string>PBXFrameworksBuildPhase</string>
			<key>runOnlyForDeploymentPostprocessing</key>
			<string>0</string>
		</dict>
		<key>7ECF00E31940ED6300EA9B7D</key>
		<dict>
			<key>buildActionMask</key>
			<string>2147483647</string>
			<key>files</key>
			<array>
				<string>7ECF00F11940ED6300EA9B7D</string>
			</array>
			<key>isa</key>
			<string>PBXResourcesBuildPhase</string>
			<key>runOnlyForDeploymentPostprocessing</key>
			<string>0</string>
		</dict>
		<key>7ECF00E41940ED6300EA9B7D</key>
		<dict>
			<key>buildConfigurationList</key>
			<string>7ECF00F91940ED6300EA9B7D</string>
			<key>buildPhases</key>
			<array>
				<string>119556FCFE7548DB9F940DE6</string>
				<string>7ECF00E11940ED6300EA9B7D</string>
				<string>7ECF00E21940ED6300EA9B7D</string>
				<string>7ECF00E31940ED6300EA9B7D</string>
				<string>C55AB3568A7D47129226DCE0</string>
			</array>
			<key>buildRules</key>
			<array/>
			<key>dependencies</key>
			<array>
				<string>7ECF00EB1940ED6300EA9B7D</string>
			</array>
			<key>isa</key>
			<string>PBXNativeTarget</string>
			<key>name</key>
			<string>CatsPassionTests</string>
			<key>productName</key>
			<string>CatsPassionTests</string>
			<key>productReference</key>
			<string>7ECF00E51940ED6300EA9B7D</string>
			<key>productType</key>
			<string>com.apple.product-type.bundle.unit-test</string>
		</dict>
		<key>7ECF00E51940ED6300EA9B7D</key>
		<dict>
			<key>explicitFileType</key>
			<string>wrapper.cfbundle</string>
			<key>includeInIndex</key>
			<string>0</string>
			<key>isa</key>
			<string>PBXFileReference</string>
			<key>path</key>
			<string>CatsPassionTests.xctest</string>
			<key>sourceTree</key>
			<string>BUILT_PRODUCTS_DIR</string>
		</dict>
		<key>7ECF00E61940ED6300EA9B7D</key>
		<dict>
			<key>isa</key>
			<string>PBXFileReference</string>
			<key>lastKnownFileType</key>
			<string>wrapper.framework</string>
			<key>name</key>
			<string>XCTest.framework</string>
			<key>path</key>
			<string>Library/Frameworks/XCTest.framework</string>
			<key>sourceTree</key>
			<string>DEVELOPER_DIR</string>
		</dict>
		<key>7ECF00E71940ED6300EA9B7D</key>
		<dict>
			<key>fileRef</key>
			<string>7ECF00E61940ED6300EA9B7D</string>
			<key>isa</key>
			<string>PBXBuildFile</string>
		</dict>
		<key>7ECF00E81940ED6300EA9B7D</key>
		<dict>
			<key>fileRef</key>
			<string>7ECF00CD1940ED6300EA9B7D</string>
			<key>isa</key>
			<string>PBXBuildFile</string>
		</dict>
		<key>7ECF00E91940ED6300EA9B7D</key>
		<dict>
			<key>fileRef</key>
			<string>7ECF00D11940ED6300EA9B7D</string>
			<key>isa</key>
			<string>PBXBuildFile</string>
		</dict>
		<key>7ECF00EA1940ED6300EA9B7D</key>
		<dict>
			<key>containerPortal</key>
			<string>7ECF00C21940ED6300EA9B7D</string>
			<key>isa</key>
			<string>PBXContainerItemProxy</string>
			<key>proxyType</key>
			<string>1</string>
			<key>remoteGlobalIDString</key>
			<string>7ECF00C91940ED6300EA9B7D</string>
			<key>remoteInfo</key>
			<string>CatsPassion</string>
		</dict>
		<key>7ECF00EB1940ED6300EA9B7D</key>
		<dict>
			<key>isa</key>
			<string>PBXTargetDependency</string>
			<key>target</key>
			<string>7ECF00C91940ED6300EA9B7D</string>
			<key>targetProxy</key>
			<string>7ECF00EA1940ED6300EA9B7D</string>
		</dict>
		<key>7ECF00EC1940ED6300EA9B7D</key>
		<dict>
			<key>children</key>
			<array>
				<string>7ECF00F21940ED6300EA9B7D</string>
				<string>7ECF00ED1940ED6300EA9B7D</string>
			</array>
			<key>isa</key>
			<string>PBXGroup</string>
			<key>path</key>
			<string>CatsPassionTests</string>
			<key>sourceTree</key>
			<string>&lt;group&gt;</string>
		</dict>
		<key>7ECF00ED1940ED6300EA9B7D</key>
		<dict>
			<key>children</key>
			<array>
				<string>7ECF00EE1940ED6300EA9B7D</string>
				<string>7ECF00EF1940ED6300EA9B7D</string>
			</array>
			<key>isa</key>
			<string>PBXGroup</string>
			<key>name</key>
			<string>Supporting Files</string>
			<key>sourceTree</key>
			<string>&lt;group&gt;</string>
		</dict>
		<key>7ECF00EE1940ED6300EA9B7D</key>
		<dict>
			<key>isa</key>
			<string>PBXFileReference</string>
			<key>lastKnownFileType</key>
			<string>text.plist.xml</string>
			<key>path</key>
			<string>CatsPassionTests-Info.plist</string>
			<key>sourceTree</key>
			<string>&lt;group&gt;</string>
		</dict>
		<key>7ECF00EF1940ED6300EA9B7D</key>
		<dict>
			<key>children</key>
			<array>
				<string>7ECF00F01940ED6300EA9B7D</string>
			</array>
			<key>isa</key>
			<string>PBXVariantGroup</string>
			<key>name</key>
			<string>InfoPlist.strings</string>
			<key>sourceTree</key>
			<string>&lt;group&gt;</string>
		</dict>
		<key>7ECF00F01940ED6300EA9B7D</key>
		<dict>
			<key>isa</key>
			<string>PBXFileReference</string>
			<key>lastKnownFileType</key>
			<string>text.plist.strings</string>
			<key>name</key>
			<string>en</string>
			<key>path</key>
			<string>en.lproj/InfoPlist.strings</string>
			<key>sourceTree</key>
			<string>&lt;group&gt;</string>
		</dict>
		<key>7ECF00F11940ED6300EA9B7D</key>
		<dict>
			<key>fileRef</key>
			<string>7ECF00EF1940ED6300EA9B7D</string>
			<key>isa</key>
			<string>PBXBuildFile</string>
		</dict>
		<key>7ECF00F21940ED6300EA9B7D</key>
		<dict>
			<key>isa</key>
			<string>PBXFileReference</string>
			<key>lastKnownFileType</key>
			<string>sourcecode.c.objc</string>
			<key>path</key>
			<string>CatsPassionTests.m</string>
			<key>sourceTree</key>
			<string>&lt;group&gt;</string>
		</dict>
		<key>7ECF00F31940ED6300EA9B7D</key>
		<dict>
			<key>fileRef</key>
			<string>7ECF00F21940ED6300EA9B7D</string>
			<key>isa</key>
			<string>PBXBuildFile</string>
		</dict>
		<key>7ECF00F41940ED6300EA9B7D</key>
		<dict>
			<key>buildSettings</key>
			<dict>
				<key>ALWAYS_SEARCH_USER_PATHS</key>
				<string>NO</string>
				<key>CLANG_CXX_LANGUAGE_STANDARD</key>
				<string>gnu++0x</string>
				<key>CLANG_CXX_LIBRARY</key>
				<string>libc++</string>
				<key>CLANG_ENABLE_MODULES</key>
				<string>YES</string>
				<key>CLANG_ENABLE_OBJC_ARC</key>
				<string>YES</string>
				<key>CLANG_WARN_BOOL_CONVERSION</key>
				<string>YES</string>
				<key>CLANG_WARN_CONSTANT_CONVERSION</key>
				<string>YES</string>
				<key>CLANG_WARN_DIRECT_OBJC_ISA_USAGE</key>
				<string>YES_ERROR</string>
				<key>CLANG_WARN_EMPTY_BODY</key>
				<string>YES</string>
				<key>CLANG_WARN_ENUM_CONVERSION</key>
				<string>YES</string>
				<key>CLANG_WARN_INT_CONVERSION</key>
				<string>YES</string>
				<key>CLANG_WARN_OBJC_ROOT_CLASS</key>
				<string>YES_ERROR</string>
				<key>CLANG_WARN__DUPLICATE_METHOD_MATCH</key>
				<string>YES</string>
				<key>CODE_SIGN_IDENTITY[sdk=iphoneos*]</key>
				<string>iPhone Developer</string>
				<key>COPY_PHASE_STRIP</key>
				<string>NO</string>
				<key>GCC_C_LANGUAGE_STANDARD</key>
				<string>gnu99</string>
				<key>GCC_DYNAMIC_NO_PIC</key>
				<string>NO</string>
				<key>GCC_OPTIMIZATION_LEVEL</key>
				<string>0</string>
				<key>GCC_PREPROCESSOR_DEFINITIONS</key>
				<array>
					<string>DEBUG=1</string>
					<string>$(inherited)</string>
				</array>
				<key>GCC_SYMBOLS_PRIVATE_EXTERN</key>
				<string>NO</string>
				<key>GCC_WARN_64_TO_32_BIT_CONVERSION</key>
				<string>YES</string>
				<key>GCC_WARN_ABOUT_RETURN_TYPE</key>
				<string>YES_ERROR</string>
				<key>GCC_WARN_UNDECLARED_SELECTOR</key>
				<string>YES</string>
				<key>GCC_WARN_UNINITIALIZED_AUTOS</key>
				<string>YES_AGGRESSIVE</string>
				<key>GCC_WARN_UNUSED_FUNCTION</key>
				<string>YES</string>
				<key>GCC_WARN_UNUSED_VARIABLE</key>
				<string>YES</string>
				<key>IPHONEOS_DEPLOYMENT_TARGET</key>
				<string>7.1</string>
				<key>ONLY_ACTIVE_ARCH</key>
				<string>YES</string>
				<key>SDKROOT</key>
				<string>iphoneos</string>
				<key>TARGETED_DEVICE_FAMILY</key>
				<string>1,2</string>
			</dict>
			<key>isa</key>
			<string>XCBuildConfiguration</string>
			<key>name</key>
			<string>Debug</string>
		</dict>
		<key>7ECF00F51940ED6300EA9B7D</key>
		<dict>
			<key>buildSettings</key>
			<dict>
				<key>ALWAYS_SEARCH_USER_PATHS</key>
				<string>NO</string>
				<key>CLANG_CXX_LANGUAGE_STANDARD</key>
				<string>gnu++0x</string>
				<key>CLANG_CXX_LIBRARY</key>
				<string>libc++</string>
				<key>CLANG_ENABLE_MODULES</key>
				<string>YES</string>
				<key>CLANG_ENABLE_OBJC_ARC</key>
				<string>YES</string>
				<key>CLANG_WARN_BOOL_CONVERSION</key>
				<string>YES</string>
				<key>CLANG_WARN_CONSTANT_CONVERSION</key>
				<string>YES</string>
				<key>CLANG_WARN_DIRECT_OBJC_ISA_USAGE</key>
				<string>YES_ERROR</string>
				<key>CLANG_WARN_EMPTY_BODY</key>
				<string>YES</string>
				<key>CLANG_WARN_ENUM_CONVERSION</key>
				<string>YES</string>
				<key>CLANG_WARN_INT_CONVERSION</key>
				<string>YES</string>
				<key>CLANG_WARN_OBJC_ROOT_CLASS</key>
				<string>YES_ERROR</string>
				<key>CLANG_WARN__DUPLICATE_METHOD_MATCH</key>
				<string>YES</string>
				<key>CODE_SIGN_IDENTITY[sdk=iphoneos*]</key>
				<string>iPhone Developer</string>
				<key>COPY_PHASE_STRIP</key>
				<string>YES</string>
				<key>ENABLE_NS_ASSERTIONS</key>
				<string>NO</string>
				<key>GCC_C_LANGUAGE_STANDARD</key>
				<string>gnu99</string>
				<key>GCC_WARN_64_TO_32_BIT_CONVERSION</key>
				<string>YES</string>
				<key>GCC_WARN_ABOUT_RETURN_TYPE</key>
				<string>YES_ERROR</string>
				<key>GCC_WARN_UNDECLARED_SELECTOR</key>
				<string>YES</string>
				<key>GCC_WARN_UNINITIALIZED_AUTOS</key>
				<string>YES_AGGRESSIVE</string>
				<key>GCC_WARN_UNUSED_FUNCTION</key>
				<string>YES</string>
				<key>GCC_WARN_UNUSED_VARIABLE</key>
				<string>YES</string>
				<key>IPHONEOS_DEPLOYMENT_TARGET</key>
				<string>7.1</string>
				<key>SDKROOT</key>
				<string>iphoneos</string>
				<key>TARGETED_DEVICE_FAMILY</key>
				<string>1,2</string>
				<key>VALIDATE_PRODUCT</key>
				<string>YES</string>
			</dict>
			<key>isa</key>
			<string>XCBuildConfiguration</string>
			<key>name</key>
			<string>Release</string>
		</dict>
		<key>7ECF00F61940ED6300EA9B7D</key>
		<dict>
			<key>buildConfigurations</key>
			<array>
				<string>7ECF00F71940ED6300EA9B7D</string>
				<string>7ECF00F81940ED6300EA9B7D</string>
			</array>
			<key>defaultConfigurationIsVisible</key>
			<string>0</string>
			<key>defaultConfigurationName</key>
			<string>Release</string>
			<key>isa</key>
			<string>XCConfigurationList</string>
		</dict>
		<key>7ECF00F71940ED6300EA9B7D</key>
		<dict>
			<key>baseConfigurationReference</key>
			<string>1F842661257B4ADE9F75BB0E</string>
			<key>buildSettings</key>
			<dict>
				<key>ASSETCATALOG_COMPILER_APPICON_NAME</key>
				<string>AppIcon</string>
				<key>ASSETCATALOG_COMPILER_LAUNCHIMAGE_NAME</key>
				<string>LaunchImage</string>
				<key>GCC_PRECOMPILE_PREFIX_HEADER</key>
				<string>YES</string>
				<key>GCC_PREFIX_HEADER</key>
				<string>CatsPassion/CatsPassion-Prefix.pch</string>
				<key>INFOPLIST_FILE</key>
				<string>CatsPassion/CatsPassion-Info.plist</string>
				<key>PRODUCT_NAME</key>
				<string>$(TARGET_NAME)</string>
				<key>WRAPPER_EXTENSION</key>
				<string>app</string>
			</dict>
			<key>isa</key>
			<string>XCBuildConfiguration</string>
			<key>name</key>
			<string>Debug</string>
		</dict>
		<key>7ECF00F81940ED6300EA9B7D</key>
		<dict>
			<key>baseConfigurationReference</key>
			<string>1F842661257B4ADE9F75BB0E</string>
			<key>buildSettings</key>
			<dict>
				<key>ASSETCATALOG_COMPILER_APPICON_NAME</key>
				<string>AppIcon</string>
				<key>ASSETCATALOG_COMPILER_LAUNCHIMAGE_NAME</key>
				<string>LaunchImage</string>
				<key>GCC_PRECOMPILE_PREFIX_HEADER</key>
				<string>YES</string>
				<key>GCC_PREFIX_HEADER</key>
				<string>CatsPassion/CatsPassion-Prefix.pch</string>
				<key>INFOPLIST_FILE</key>
				<string>CatsPassion/CatsPassion-Info.plist</string>
				<key>PRODUCT_NAME</key>
				<string>$(TARGET_NAME)</string>
				<key>WRAPPER_EXTENSION</key>
				<string>app</string>
			</dict>
			<key>isa</key>
			<string>XCBuildConfiguration</string>
			<key>name</key>
			<string>Release</string>
		</dict>
		<key>7ECF00F91940ED6300EA9B7D</key>
		<dict>
			<key>buildConfigurations</key>
			<array>
				<string>7ECF00FA1940ED6300EA9B7D</string>
				<string>7ECF00FB1940ED6300EA9B7D</string>
			</array>
			<key>defaultConfigurationIsVisible</key>
			<string>0</string>
			<key>defaultConfigurationName</key>
			<string>Release</string>
			<key>isa</key>
			<string>XCConfigurationList</string>
		</dict>
		<key>7ECF00FA1940ED6300EA9B7D</key>
		<dict>
			<key>baseConfigurationReference</key>
			<string>3E2A96E44B424C62BB1BB3B6</string>
			<key>buildSettings</key>
			<dict>
				<key>BUNDLE_LOADER</key>
				<string>$(BUILT_PRODUCTS_DIR)/CatsPassion.app/CatsPassion</string>
				<key>FRAMEWORK_SEARCH_PATHS</key>
				<array>
					<string>$(SDKROOT)/Developer/Library/Frameworks</string>
					<string>$(inherited)</string>
					<string>$(DEVELOPER_FRAMEWORKS_DIR)</string>
				</array>
				<key>GCC_PRECOMPILE_PREFIX_HEADER</key>
				<string>YES</string>
				<key>GCC_PREFIX_HEADER</key>
				<string>CatsPassion/CatsPassion-Prefix.pch</string>
				<key>GCC_PREPROCESSOR_DEFINITIONS</key>
				<array>
					<string>DEBUG=1</string>
					<string>$(inherited)</string>
				</array>
				<key>INFOPLIST_FILE</key>
				<string>CatsPassionTests/CatsPassionTests-Info.plist</string>
				<key>PRODUCT_NAME</key>
				<string>$(TARGET_NAME)</string>
				<key>TEST_HOST</key>
				<string>$(BUNDLE_LOADER)</string>
				<key>WRAPPER_EXTENSION</key>
				<string>xctest</string>
			</dict>
			<key>isa</key>
			<string>XCBuildConfiguration</string>
			<key>name</key>
			<string>Debug</string>
		</dict>
		<key>7ECF00FB1940ED6300EA9B7D</key>
		<dict>
			<key>baseConfigurationReference</key>
			<string>3E2A96E44B424C62BB1BB3B6</string>
			<key>buildSettings</key>
			<dict>
				<key>BUNDLE_LOADER</key>
				<string>$(BUILT_PRODUCTS_DIR)/CatsPassion.app/CatsPassion</string>
				<key>FRAMEWORK_SEARCH_PATHS</key>
				<array>
					<string>$(SDKROOT)/Developer/Library/Frameworks</string>
					<string>$(inherited)</string>
					<string>$(DEVELOPER_FRAMEWORKS_DIR)</string>
				</array>
				<key>GCC_PRECOMPILE_PREFIX_HEADER</key>
				<string>YES</string>
				<key>GCC_PREFIX_HEADER</key>
				<string>CatsPassion/CatsPassion-Prefix.pch</string>
				<key>INFOPLIST_FILE</key>
				<string>CatsPassionTests/CatsPassionTests-Info.plist</string>
				<key>PRODUCT_NAME</key>
				<string>$(TARGET_NAME)</string>
				<key>TEST_HOST</key>
				<string>$(BUNDLE_LOADER)</string>
				<key>WRAPPER_EXTENSION</key>
				<string>xctest</string>
			</dict>
			<key>isa</key>
			<string>XCBuildConfiguration</string>
			<key>name</key>
			<string>Release</string>
		</dict>
		<key>7ECF00FC1940F0CF00EA9B7D</key>
		<dict>
			<key>children</key>
			<array>
				<string>7ECF01031940FD9600EA9B7D</string>
				<string>7ECF01041940FD9600EA9B7D</string>
			</array>
			<key>isa</key>
			<string>PBXGroup</string>
			<key>name</key>
			<string>Services</string>
			<key>sourceTree</key>
			<string>&lt;group&gt;</string>
		</dict>
		<key>7ECF01001940F7EE00EA9B7D</key>
		<dict>
			<key>children</key>
			<array>
				<string>7ECF01011940F83C00EA9B7D</string>
				<string>7ECF01021940FC7000EA9B7D</string>
				<string>7EFD787319463453008EE12D</string>
			</array>
			<key>isa</key>
			<string>PBXGroup</string>
			<key>name</key>
			<string>Protocols</string>
			<key>sourceTree</key>
			<string>&lt;group&gt;</string>
		</dict>
		<key>7ECF01011940F83C00EA9B7D</key>
		<dict>
			<key>isa</key>
			<string>PBXFileReference</string>
			<key>lastKnownFileType</key>
			<string>sourcecode.c.h</string>
			<key>name</key>
			<string>GGModelControllerProtocol.h</string>
			<key>path</key>
			<string>modelController/GGModelControllerProtocol.h</string>
			<key>sourceTree</key>
			<string>&lt;group&gt;</string>
		</dict>
		<key>7ECF01021940FC7000EA9B7D</key>
		<dict>
			<key>isa</key>
			<string>PBXFileReference</string>
			<key>lastKnownFileType</key>
			<string>sourcecode.c.h</string>
			<key>name</key>
			<string>GGServiceProtocol.h</string>
			<key>path</key>
			<string>protocols/GGServiceProtocol.h</string>
			<key>sourceTree</key>
			<string>&lt;group&gt;</string>
		</dict>
		<key>7ECF01031940FD9600EA9B7D</key>
		<dict>
			<key>fileEncoding</key>
			<string>4</string>
			<key>isa</key>
			<string>PBXFileReference</string>
			<key>lastKnownFileType</key>
			<string>sourcecode.c.h</string>
			<key>name</key>
			<string>GGRemoteService.h</string>
			<key>path</key>
			<string>services/GGRemoteService.h</string>
			<key>sourceTree</key>
			<string>&lt;group&gt;</string>
		</dict>
		<key>7ECF01041940FD9600EA9B7D</key>
		<dict>
			<key>fileEncoding</key>
			<string>4</string>
			<key>isa</key>
			<string>PBXFileReference</string>
			<key>lastKnownFileType</key>
			<string>sourcecode.c.objc</string>
			<key>name</key>
			<string>GGRemoteService.m</string>
			<key>path</key>
			<string>services/GGRemoteService.m</string>
			<key>sourceTree</key>
			<string>&lt;group&gt;</string>
		</dict>
		<key>7ECF01051940FD9600EA9B7D</key>
		<dict>
			<key>fileRef</key>
			<string>7ECF01041940FD9600EA9B7D</string>
			<key>isa</key>
			<string>PBXBuildFile</string>
		</dict>
		<key>7ECF010C1941063600EA9B7D</key>
		<dict>
			<key>fileEncoding</key>
			<string>4</string>
			<key>isa</key>
			<string>PBXFileReference</string>
			<key>lastKnownFileType</key>
			<string>sourcecode.c.h</string>
			<key>path</key>
			<string>GGModelController.h</string>
			<key>sourceTree</key>
			<string>&lt;group&gt;</string>
		</dict>
		<key>7ECF010D1941063600EA9B7D</key>
		<dict>
			<key>fileEncoding</key>
			<string>4</string>
			<key>isa</key>
			<string>PBXFileReference</string>
			<key>lastKnownFileType</key>
			<string>sourcecode.c.objc</string>
			<key>path</key>
			<string>GGModelController.m</string>
			<key>sourceTree</key>
			<string>&lt;group&gt;</string>
		</dict>
		<key>7ECF010E1941063600EA9B7D</key>
		<dict>
			<key>fileRef</key>
			<string>7ECF010D1941063600EA9B7D</string>
			<key>isa</key>
			<string>PBXBuildFile</string>
		</dict>
		<key>7ECF010F19410F7100EA9B7D</key>
		<dict>
			<key>fileEncoding</key>
			<string>4</string>
			<key>isa</key>
			<string>PBXFileReference</string>
			<key>lastKnownFileType</key>
			<string>sourcecode.c.h</string>
			<key>name</key>
			<string>GGCatsListService.h</string>
			<key>path</key>
			<string>services/GGCatsListService.h</string>
			<key>sourceTree</key>
			<string>&lt;group&gt;</string>
		</dict>
		<key>7ECF011019410F7100EA9B7D</key>
		<dict>
			<key>fileEncoding</key>
			<string>4</string>
			<key>isa</key>
			<string>PBXFileReference</string>
			<key>lastKnownFileType</key>
			<string>sourcecode.c.objc</string>
			<key>name</key>
			<string>GGCatsListService.m</string>
			<key>path</key>
			<string>services/GGCatsListService.m</string>
			<key>sourceTree</key>
			<string>&lt;group&gt;</string>
		</dict>
		<key>7ECF011119410F7100EA9B7D</key>
		<dict>
			<key>fileRef</key>
			<string>7ECF011019410F7100EA9B7D</string>
			<key>isa</key>
			<string>PBXBuildFile</string>
		</dict>
		<key>7ECF0113194120DB00EA9B7D</key>
		<dict>
			<key>children</key>
			<array>
				<string>7EFD78831946625B008EE12D</string>
				<string>7ECF00FC1940F0CF00EA9B7D</string>
				<string>7ECF01001940F7EE00EA9B7D</string>
				<string>7ECF010C1941063600EA9B7D</string>
				<string>7ECF010D1941063600EA9B7D</string>
				<string>7ECF0114194120FE00EA9B7D</string>
				<string>7ECF0115194120FE00EA9B7D</string>
				<string>7ECF01171941235400EA9B7D</string>
				<string>7ECF01181941235400EA9B7D</string>
				<string>7EFD787019463427008EE12D</string>
				<string>7EFD787119463427008EE12D</string>
			</array>
			<key>isa</key>
			<string>PBXGroup</string>
			<key>name</key>
			<string>Core</string>
			<key>sourceTree</key>
			<string>&lt;group&gt;</string>
		</dict>
		<key>7ECF0114194120FE00EA9B7D</key>
		<dict>
			<key>fileEncoding</key>
			<string>4</string>
			<key>isa</key>
			<string>PBXFileReference</string>
			<key>lastKnownFileType</key>
			<string>sourcecode.c.h</string>
			<key>name</key>
			<string>GGApplicationRouter.h</string>
			<key>path</key>
			<string>core/GGApplicationRouter.h</string>
			<key>sourceTree</key>
			<string>&lt;group&gt;</string>
		</dict>
		<key>7ECF0115194120FE00EA9B7D</key>
		<dict>
			<key>fileEncoding</key>
			<string>4</string>
			<key>isa</key>
			<string>PBXFileReference</string>
			<key>lastKnownFileType</key>
			<string>sourcecode.c.objc</string>
			<key>name</key>
			<string>GGApplicationRouter.m</string>
			<key>path</key>
			<string>core/GGApplicationRouter.m</string>
			<key>sourceTree</key>
			<string>&lt;group&gt;</string>
		</dict>
		<key>7ECF0116194120FE00EA9B7D</key>
		<dict>
			<key>fileRef</key>
			<string>7ECF0115194120FE00EA9B7D</string>
			<key>isa</key>
			<string>PBXBuildFile</string>
		</dict>
		<key>7ECF01171941235400EA9B7D</key>
		<dict>
			<key>fileEncoding</key>
			<string>4</string>
			<key>isa</key>
			<string>PBXFileReference</string>
			<key>lastKnownFileType</key>
			<string>sourcecode.c.h</string>
			<key>name</key>
			<string>NSURL+Routes.h</string>
			<key>path</key>
			<string>core/NSURL+Routes.h</string>
			<key>sourceTree</key>
			<string>&lt;group&gt;</string>
		</dict>
		<key>7ECF01181941235400EA9B7D</key>
		<dict>
			<key>fileEncoding</key>
			<string>4</string>
			<key>isa</key>
			<string>PBXFileReference</string>
			<key>lastKnownFileType</key>
			<string>sourcecode.c.objc</string>
			<key>name</key>
			<string>NSURL+Routes.m</string>
			<key>path</key>
			<string>core/NSURL+Routes.m</string>
			<key>sourceTree</key>
			<string>&lt;group&gt;</string>
		</dict>
		<key>7ECF01191941235400EA9B7D</key>
		<dict>
			<key>fileRef</key>
			<string>7ECF01181941235400EA9B7D</string>
			<key>isa</key>
			<string>PBXBuildFile</string>
		</dict>
		<key>7ECF011A1941337E00EA9B7D</key>
		<dict>
			<key>children</key>
			<array>
				<string>7EFD787519463DEF008EE12D</string>
				<string>7ECF011B194133A300EA9B7D</string>
				<string>7ECF011C194133A300EA9B7D</string>
			</array>
			<key>isa</key>
			<string>PBXGroup</string>
			<key>name</key>
			<string>AnimalGallery</string>
			<key>sourceTree</key>
			<string>&lt;group&gt;</string>
		</dict>
		<key>7ECF011B194133A300EA9B7D</key>
		<dict>
			<key>fileEncoding</key>
			<string>4</string>
			<key>isa</key>
			<string>PBXFileReference</string>
			<key>lastKnownFileType</key>
			<string>sourcecode.c.h</string>
			<key>name</key>
			<string>GGAnimalGalleryViewController.h</string>
			<key>path</key>
			<string>viewControllers/GGAnimalGalleryViewController.h</string>
			<key>sourceTree</key>
			<string>&lt;group&gt;</string>
		</dict>
		<key>7ECF011C194133A300EA9B7D</key>
		<dict>
			<key>fileEncoding</key>
			<string>4</string>
			<key>isa</key>
			<string>PBXFileReference</string>
			<key>lastKnownFileType</key>
			<string>sourcecode.c.objc</string>
			<key>name</key>
			<string>GGAnimalGalleryViewController.m</string>
			<key>path</key>
			<string>viewControllers/GGAnimalGalleryViewController.m</string>
			<key>sourceTree</key>
			<string>&lt;group&gt;</string>
		</dict>
		<key>7ECF011D194133A300EA9B7D</key>
		<dict>
			<key>fileRef</key>
			<string>7ECF011C194133A300EA9B7D</string>
			<key>isa</key>
			<string>PBXBuildFile</string>
		</dict>
		<key>7ECF011F1941370900EA9B7D</key>
		<dict>
			<key>fileEncoding</key>
			<string>4</string>
			<key>isa</key>
			<string>PBXFileReference</string>
			<key>lastKnownFileType</key>
			<string>sourcecode.c.h</string>
			<key>name</key>
			<string>GGCat.h</string>
			<key>path</key>
			<string>models/GGCat.h</string>
			<key>sourceTree</key>
			<string>&lt;group&gt;</string>
		</dict>
		<key>7ECF01201941370900EA9B7D</key>
		<dict>
			<key>fileEncoding</key>
			<string>4</string>
			<key>isa</key>
			<string>PBXFileReference</string>
			<key>lastKnownFileType</key>
			<string>sourcecode.c.objc</string>
			<key>name</key>
			<string>GGCat.m</string>
			<key>path</key>
			<string>models/GGCat.m</string>
			<key>sourceTree</key>
			<string>&lt;group&gt;</string>
		</dict>
		<key>7ECF01211941370900EA9B7D</key>
		<dict>
			<key>fileRef</key>
			<string>7ECF01201941370900EA9B7D</string>
			<key>isa</key>
			<string>PBXBuildFile</string>
		</dict>
		<key>7EFD787019463427008EE12D</key>
		<dict>
			<key>fileEncoding</key>
			<string>4</string>
			<key>isa</key>
			<string>PBXFileReference</string>
			<key>lastKnownFileType</key>
			<string>sourcecode.c.h</string>
			<key>name</key>
			<string>GGGalleryRenderStrategy.h</string>
			<key>path</key>
			<string>core/GGGalleryRenderStrategy.h</string>
			<key>sourceTree</key>
			<string>&lt;group&gt;</string>
		</dict>
		<key>7EFD787119463427008EE12D</key>
		<dict>
			<key>fileEncoding</key>
			<string>4</string>
			<key>isa</key>
			<string>PBXFileReference</string>
			<key>lastKnownFileType</key>
			<string>sourcecode.c.objc</string>
			<key>name</key>
			<string>GGGalleryRenderStrategy.m</string>
			<key>path</key>
			<string>core/GGGalleryRenderStrategy.m</string>
			<key>sourceTree</key>
			<string>&lt;group&gt;</string>
		</dict>
		<key>7EFD787219463427008EE12D</key>
		<dict>
			<key>fileRef</key>
			<string>7EFD787119463427008EE12D</string>
			<key>isa</key>
			<string>PBXBuildFile</string>
		</dict>
		<key>7EFD787319463453008EE12D</key>
		<dict>
			<key>isa</key>
			<string>PBXFileReference</string>
			<key>lastKnownFileType</key>
			<string>sourcecode.c.h</string>
			<key>name</key>
			<string>GGRenderStrategyProtocol.h</string>
			<key>path</key>
			<string>protocols/GGRenderStrategyProtocol.h</string>
			<key>sourceTree</key>
			<string>&lt;group&gt;</string>
		</dict>
		<key>7EFD787519463DEF008EE12D</key>
		<dict>
			<key>children</key>
			<array>
				<string>7EFD787619463E27008EE12D</string>
				<string>7EFD787719463E27008EE12D</string>
			</array>
			<key>isa</key>
			<string>PBXGroup</string>
			<key>name</key>
			<string>Views</string>
			<key>sourceTree</key>
			<string>&lt;group&gt;</string>
		</dict>
		<key>7EFD787619463E27008EE12D</key>
		<dict>
			<key>fileEncoding</key>
			<string>4</string>
			<key>isa</key>
			<string>PBXFileReference</string>
			<key>lastKnownFileType</key>
			<string>sourcecode.c.h</string>
			<key>name</key>
			<string>GGAnimalCollectionViewCell.h</string>
			<key>path</key>
			<string>views/GGAnimalCollectionViewCell.h</string>
			<key>sourceTree</key>
			<string>&lt;group&gt;</string>
		</dict>
		<key>7EFD787719463E27008EE12D</key>
		<dict>
			<key>fileEncoding</key>
			<string>4</string>
			<key>isa</key>
			<string>PBXFileReference</string>
			<key>lastKnownFileType</key>
			<string>sourcecode.c.objc</string>
			<key>name</key>
			<string>GGAnimalCollectionViewCell.m</string>
			<key>path</key>
			<string>views/GGAnimalCollectionViewCell.m</string>
			<key>sourceTree</key>
			<string>&lt;group&gt;</string>
		</dict>
		<key>7EFD787819463E27008EE12D</key>
		<dict>
			<key>fileRef</key>
			<string>7EFD787719463E27008EE12D</string>
			<key>isa</key>
			<string>PBXBuildFile</string>
		</dict>
		<key>7EFD787A194655CF008EE12D</key>
		<dict>
			<key>children</key>
			<array>
				<string>7EFD787B19465617008EE12D</string>
				<string>7EFD787C19465617008EE12D</string>
			</array>
			<key>isa</key>
			<string>PBXGroup</string>
			<key>name</key>
			<string>ChoiceScreen</string>
			<key>sourceTree</key>
			<string>&lt;group&gt;</string>
		</dict>
		<key>7EFD787B19465617008EE12D</key>
		<dict>
			<key>fileEncoding</key>
			<string>4</string>
			<key>isa</key>
			<string>PBXFileReference</string>
			<key>lastKnownFileType</key>
			<string>sourcecode.c.h</string>
			<key>name</key>
			<string>GGAnimalChoiceViewController.h</string>
			<key>path</key>
			<string>viewControllers/GGAnimalChoiceViewController.h</string>
			<key>sourceTree</key>
			<string>&lt;group&gt;</string>
		</dict>
		<key>7EFD787C19465617008EE12D</key>
		<dict>
			<key>fileEncoding</key>
			<string>4</string>
			<key>isa</key>
			<string>PBXFileReference</string>
			<key>lastKnownFileType</key>
			<string>sourcecode.c.objc</string>
			<key>name</key>
			<string>GGAnimalChoiceViewController.m</string>
			<key>path</key>
			<string>viewControllers/GGAnimalChoiceViewController.m</string>
			<key>sourceTree</key>
			<string>&lt;group&gt;</string>
		</dict>
		<key>7EFD787D19465617008EE12D</key>
		<dict>
			<key>fileRef</key>
			<string>7EFD787C19465617008EE12D</string>
			<key>isa</key>
			<string>PBXBuildFile</string>
		</dict>
		<key>7EFD787E19465FDF008EE12D</key>
		<dict>
			<key>fileEncoding</key>
			<string>4</string>
			<key>isa</key>
			<string>PBXFileReference</string>
			<key>lastKnownFileType</key>
			<string>sourcecode.c.h</string>
			<key>name</key>
			<string>GGDog.h</string>
			<key>path</key>
			<string>models/GGDog.h</string>
			<key>sourceTree</key>
			<string>&lt;group&gt;</string>
		</dict>
		<key>7EFD787F19465FDF008EE12D</key>
		<dict>
			<key>fileEncoding</key>
			<string>4</string>
			<key>isa</key>
			<string>PBXFileReference</string>
			<key>lastKnownFileType</key>
			<string>sourcecode.c.objc</string>
			<key>name</key>
			<string>GGDog.m</string>
			<key>path</key>
			<string>models/GGDog.m</string>
			<key>sourceTree</key>
			<string>&lt;group&gt;</string>
		</dict>
		<key>7EFD788019465FDF008EE12D</key>
		<dict>
			<key>fileRef</key>
			<string>7EFD787F19465FDF008EE12D</string>
			<key>isa</key>
			<string>PBXBuildFile</string>
		</dict>
		<key>7EFD788119466224008EE12D</key>
		<dict>
			<key>children</key>
			<array>
				<string>7ECF010F19410F7100EA9B7D</string>
				<string>7ECF011019410F7100EA9B7D</string>
				<string>7ECF011F1941370900EA9B7D</string>
				<string>7ECF01201941370900EA9B7D</string>
			</array>
			<key>isa</key>
			<string>PBXGroup</string>
			<key>name</key>
			<string>Cats</string>
			<key>sourceTree</key>
			<string>&lt;group&gt;</string>
		</dict>
		<key>7EFD78821946622E008EE12D</key>
		<dict>
			<key>children</key>
			<array>
				<string>7EFD787E19465FDF008EE12D</string>
				<string>7EFD787F19465FDF008EE12D</string>
				<string>7EFD78841946630B008EE12D</string>
				<string>7EFD78851946630B008EE12D</string>
			</array>
			<key>isa</key>
			<string>PBXGroup</string>
			<key>name</key>
			<string>Dogs</string>
			<key>sourceTree</key>
			<string>&lt;group&gt;</string>
		</dict>
		<key>7EFD78831946625B008EE12D</key>
		<dict>
			<key>children</key>
			<array>
				<string>7ECF011A1941337E00EA9B7D</string>
			</array>
			<key>isa</key>
			<string>PBXGroup</string>
			<key>name</key>
			<string>ViewControllers</string>
			<key>sourceTree</key>
			<string>&lt;group&gt;</string>
		</dict>
		<key>7EFD78841946630B008EE12D</key>
		<dict>
			<key>fileEncoding</key>
			<string>4</string>
			<key>isa</key>
			<string>PBXFileReference</string>
			<key>lastKnownFileType</key>
			<string>sourcecode.c.h</string>
			<key>name</key>
			<string>GGDogsListService.h</string>
			<key>path</key>
			<string>services/GGDogsListService.h</string>
			<key>sourceTree</key>
			<string>&lt;group&gt;</string>
		</dict>
		<key>7EFD78851946630B008EE12D</key>
		<dict>
			<key>fileEncoding</key>
			<string>4</string>
			<key>isa</key>
			<string>PBXFileReference</string>
			<key>lastKnownFileType</key>
			<string>sourcecode.c.objc</string>
			<key>name</key>
			<string>GGDogsListService.m</string>
			<key>path</key>
			<string>services/GGDogsListService.m</string>
			<key>sourceTree</key>
			<string>&lt;group&gt;</string>
		</dict>
		<key>7EFD78861946630B008EE12D</key>
		<dict>
			<key>fileRef</key>
			<string>7EFD78851946630B008EE12D</string>
			<key>isa</key>
			<string>PBXBuildFile</string>
		</dict>
		<key>C55AB3568A7D47129226DCE0</key>
		<dict>
			<key>buildActionMask</key>
			<string>2147483647</string>
			<key>files</key>
			<array/>
			<key>inputPaths</key>
			<array/>
			<key>isa</key>
			<string>PBXShellScriptBuildPhase</string>
			<key>name</key>
			<string>Copy Pods Resources</string>
			<key>outputPaths</key>
			<array/>
			<key>runOnlyForDeploymentPostprocessing</key>
			<string>0</string>
			<key>shellPath</key>
			<string>/bin/sh</string>
			<key>shellScript</key>
			<string>"${SRCROOT}/Pods/Pods-CatsPassionTests-resources.sh"
</string>
			<key>showEnvVarsInLog</key>
			<string>0</string>
		</dict>
		<key>CAA41D48969041EAA36CAEA3</key>
		<dict>
			<key>fileRef</key>
			<string>E8B035BE8D844BDC9A7535D5</string>
			<key>isa</key>
			<string>PBXBuildFile</string>
		</dict>
		<key>D255ABEDC4B04B98AF4C1086</key>
		<dict>
			<key>explicitFileType</key>
			<string>archive.ar</string>
			<key>includeInIndex</key>
			<string>0</string>
			<key>isa</key>
			<string>PBXFileReference</string>
			<key>path</key>
			<string>libPods.a</string>
			<key>sourceTree</key>
			<string>BUILT_PRODUCTS_DIR</string>
		</dict>
		<key>E8B035BE8D844BDC9A7535D5</key>
		<dict>
			<key>explicitFileType</key>
			<string>archive.ar</string>
			<key>includeInIndex</key>
			<string>0</string>
			<key>isa</key>
			<string>PBXFileReference</string>
			<key>path</key>
			<string>libPods-CatsPassionTests.a</string>
			<key>sourceTree</key>
			<string>BUILT_PRODUCTS_DIR</string>
		</dict>
	</dict>
	<key>rootObject</key>
	<string>7ECF00C21940ED6300EA9B7D</string>
</dict>
</plist>
